
Microsoft Visual Studio Solution File, Format Version 12.00
# Visual Studio Version 16
VisualStudioVersion = 16.0.28803.202
MinimumVisualStudioVersion = 10.0.40219.1
Project("{FAE04EC0-301F-11D3-BF4B-00C04F79EFBC}") = "CustomerManagement.BL", "CustomerManagement.BL\CustomerManagement.BL.csproj", "{8D30344A-F1D3-445C-8501-DB28EAA5F471}"
EndProject
Project("{2150E333-8FDC-42A3-9474-1A3956D46DE8}") = "Tests", "Tests", "{E1ABD986-5930-4362-BBA9-AF6EAB6B8A5D}"
EndProject
Project("{FAE04EC0-301F-11D3-BF4B-00C04F79EFBC}") = "CustomerManagment.BLTest", "Tests\CustomerManagment.BLTest\CustomerManagment.BLTest.csproj", "{9C35C2B5-048C-4CEF-8ACC-DA38F4F97146}"
EndProject
Global
	GlobalSection(SolutionConfigurationPlatforms) = preSolution
		Debug|Any CPU = Debug|Any CPU
		Release|Any CPU = Release|Any CPU
	EndGlobalSection
	GlobalSection(ProjectConfigurationPlatforms) = postSolution
		{8D30344A-F1D3-445C-8501-DB28EAA5F471}.Debug|Any CPU.ActiveCfg = Debug|Any CPU
		{8D30344A-F1D3-445C-8501-DB28EAA5F471}.Debug|Any CPU.Build.0 = Debug|Any CPU
		{8D30344A-F1D3-445C-8501-DB28EAA5F471}.Release|Any CPU.ActiveCfg = Release|Any CPU
		{8D30344A-F1D3-445C-8501-DB28EAA5F471}.Release|Any CPU.Build.0 = Release|Any CPU
		{9C35C2B5-048C-4CEF-8ACC-DA38F4F97146}.Debug|Any CPU.ActiveCfg = Debug|Any CPU
		{9C35C2B5-048C-4CEF-8ACC-DA38F4F97146}.Debug|Any CPU.Build.0 = Debug|Any CPU
		{9C35C2B5-048C-4CEF-8ACC-DA38F4F97146}.Release|Any CPU.ActiveCfg = Release|Any CPU
		{9C35C2B5-048C-4CEF-8ACC-DA38F4F97146}.Release|Any CPU.Build.0 = Release|Any CPU
	EndGlobalSection
	GlobalSection(SolutionProperties) = preSolution
		HideSolutionNode = FALSE
	EndGlobalSection
	GlobalSection(NestedProjects) = preSolution
		{9C35C2B5-048C-4CEF-8ACC-DA38F4F97146} = {E1ABD986-5930-4362-BBA9-AF6EAB6B8A5D}
	EndGlobalSection
	GlobalSection(ExtensibilityGlobals) = postSolution
		SolutionGuid = {1AE017F5-CC26-4C61-B4A0-84373F9434E7}
	EndGlobalSection
EndGlobal
